
Microsoft Visual Studio Solution File, Format Version 12.00
# Visual Studio 15
VisualStudioVersion = 15.0.27004.2002
MinimumVisualStudioVersion = 10.0.40219.1
Project("{FAE04EC0-301F-11D3-BF4B-00C04F79EFBC}") = "ClientMaker", "ClientMaker\ClientMaker.csproj", "{8593E8F4-8F3A-4088-AE2D-B096CA50D9BA}"
EndProject
Project("{FAE04EC0-301F-11D3-BF4B-00C04F79EFBC}") = "Client", "Client\Client.csproj", "{1AE0FCDC-5B57-4650-974A-7FEBD23D19EE}"
EndProject
Global
	GlobalSection(SolutionConfigurationPlatforms) = preSolution
		Debug|Any CPU = Debug|Any CPU
		Release|Any CPU = Release|Any CPU
	EndGlobalSection
	GlobalSection(ProjectConfigurationPlatforms) = postSolution
		{8593E8F4-8F3A-4088-AE2D-B096CA50D9BA}.Debug|Any CPU.ActiveCfg = Debug|Any CPU
		{8593E8F4-8F3A-4088-AE2D-B096CA50D9BA}.Debug|Any CPU.Build.0 = Debug|Any CPU
		{8593E8F4-8F3A-4088-AE2D-B096CA50D9BA}.Release|Any CPU.ActiveCfg = Release|Any CPU
		{8593E8F4-8F3A-4088-AE2D-B096CA50D9BA}.Release|Any CPU.Build.0 = Release|Any CPU
		{1AE0FCDC-5B57-4650-974A-7FEBD23D19EE}.Debug|Any CPU.ActiveCfg = Debug|Any CPU
		{1AE0FCDC-5B57-4650-974A-7FEBD23D19EE}.Debug|Any CPU.Build.0 = Debug|Any CPU
		{1AE0FCDC-5B57-4650-974A-7FEBD23D19EE}.Release|Any CPU.ActiveCfg = Release|Any CPU
		{1AE0FCDC-5B57-4650-974A-7FEBD23D19EE}.Release|Any CPU.Build.0 = Release|Any CPU
	EndGlobalSection
	GlobalSection(SolutionProperties) = preSolution
		HideSolutionNode = FALSE
	EndGlobalSection
	GlobalSection(ExtensibilityGlobals) = postSolution
		SolutionGuid = {09E843D2-7CB6-449D-9657-068A791602F8}
	EndGlobalSection
EndGlobal
